
Microsoft Visual Studio Solution File, Format Version 12.00
# Visual Studio Version 17
VisualStudioVersion = 17.14.36429.23 d17.14
MinimumVisualStudioVersion = 10.0.40219.1
Project("{FAE04EC0-301F-11D3-BF4B-00C04F79EFBC}") = "SPCC_step7", "SPCC_step7\SPCC_step7.csproj", "{83DFB352-1EA9-4BD2-AEC5-0ED309D47938}"
EndProject
Global
	GlobalSection(SolutionConfigurationPlatforms) = preSolution
		Debug|Any CPU = Debug|Any CPU
		Release|Any CPU = Release|Any CPU
	EndGlobalSection
	GlobalSection(ProjectConfigurationPlatforms) = postSolution
		{83DFB352-1EA9-4BD2-AEC5-0ED309D47938}.Debug|Any CPU.ActiveCfg = Debug|Any CPU
		{83DFB352-1EA9-4BD2-AEC5-0ED309D47938}.Debug|Any CPU.Build.0 = Debug|Any CPU
		{83DFB352-1EA9-4BD2-AEC5-0ED309D47938}.Release|Any CPU.ActiveCfg = Release|Any CPU
		{83DFB352-1EA9-4BD2-AEC5-0ED309D47938}.Release|Any CPU.Build.0 = Release|Any CPU
	EndGlobalSection
	GlobalSection(SolutionProperties) = preSolution
		HideSolutionNode = FALSE
	EndGlobalSection
	GlobalSection(ExtensibilityGlobals) = postSolution
		SolutionGuid = {19F938E3-30AE-4591-B752-DA25457985D0}
	EndGlobalSection
EndGlobal
